
Microsoft Visual Studio Solution File, Format Version 11.00
# Visual Studio 2010
Project("{FAE04EC0-301F-11D3-BF4B-00C04F79EFBC}") = "Assembly-CSharp", "Assembly-CSharp.csproj", "{1AD35D82-B194-909E-BA86-12FB48037B01}"
EndProject
Project("{FAE04EC0-301F-11D3-BF4B-00C04F79EFBC}") = "Assembly-CSharp-firstpass", "Assembly-CSharp-firstpass.csproj", "{D79C48EC-FD42-F245-AFE9-4D213B7D098E}"
EndProject
Global
	GlobalSection(SolutionConfigurationPlatforms) = preSolution
		Debug|Any CPU = Debug|Any CPU
		Release|Any CPU = Release|Any CPU
	EndGlobalSection
	GlobalSection(ProjectConfigurationPlatforms) = postSolution
		{1AD35D82-B194-909E-BA86-12FB48037B01}.Debug|Any CPU.ActiveCfg = Debug|Any CPU
		{1AD35D82-B194-909E-BA86-12FB48037B01}.Debug|Any CPU.Build.0 = Debug|Any CPU
		{1AD35D82-B194-909E-BA86-12FB48037B01}.Release|Any CPU.ActiveCfg = Release|Any CPU
		{1AD35D82-B194-909E-BA86-12FB48037B01}.Release|Any CPU.Build.0 = Release|Any CPU
		{D79C48EC-FD42-F245-AFE9-4D213B7D098E}.Debug|Any CPU.ActiveCfg = Debug|Any CPU
		{D79C48EC-FD42-F245-AFE9-4D213B7D098E}.Debug|Any CPU.Build.0 = Debug|Any CPU
		{D79C48EC-FD42-F245-AFE9-4D213B7D098E}.Release|Any CPU.ActiveCfg = Release|Any CPU
		{D79C48EC-FD42-F245-AFE9-4D213B7D098E}.Release|Any CPU.Build.0 = Release|Any CPU
	EndGlobalSection
	GlobalSection(SolutionProperties) = preSolution
		HideSolutionNode = FALSE
	EndGlobalSection
EndGlobal
